<?xml version="1.0" encoding="utf-8"?>
<Project ToolsVersion="4.0" xmlns="http://schemas.microsoft.com/developer/msbuild/2003">
  <ItemGroup>
    <Filter Include="Header files">
      <UniqueIdentifier>{93995380-89BD-4b04-88EB-625FBE52EBFB}</UniqueIdentifier>
      <Extensions>h;hh;hpp;hxx;hm;inl;inc;xsd</Extensions>
    </Filter>
    <Filter Include="Resource files">
      <UniqueIdentifier>{67DA6AB6-F800-4c08-8B7A-83BB121AAD01}</UniqueIdentifier>
      <Extensions>rc;ico;cur;bmp;dlg;rc2;rct;bin;rgs;gif;jpg;jpeg;jpe;resx;tiff;tif;png;wav;mfcribbon-ms</Extensions>
    </Filter>
    <Filter Include="Source files">
      <UniqueIdentifier>{4FC737F1-C7A5-4376-A066-2A32D752A2FF}</UniqueIdentifier>
      <Extensions>cpp;c;cc;cxx;def;odl;idl;hpj;bat;asm;asmx</Extensions>
    </Filter>
  </ItemGroup>
  <ItemGroup>
    <ClCompile Include="test_analysis.cpp">
      <Filter>Source files</Filter>
    </ClCompile>
    <ClCompile Include="test_board.cpp">
      <Filter>Source files</Filter>
    </ClCompile>
    <ClCompile Include="test_coordinate.cpp">
      <Filter>Source files</Filter>
    </ClCompile>
    <ClCompile Include="test_game.cpp">
      <Filter>Source files</Filter>
    </ClCompile>
    <ClCompile Include="test_main.cpp">
      <Filter>Source files</Filter>
    </ClCompile>
    <ClCompile Include="test_range.cpp">
      <Filter>Source files</Filter>
    </ClCompile>
    <ClCompile Include="test_string_util.cpp">
      <Filter>Source files</Filter>
    </ClCompile>
    <ClCompile Include="..\analysis.cpp">
      <Filter>Source files</Filter>
    </ClCompile>
    <ClCompile Include="..\board.cpp">
      <Filter>Source files</Filter>
    </ClCompile>
    <ClCompile Include="..\coordinate.cpp">
      <Filter>Source files</Filter>
    </ClCompile>
    <ClCompile Include="..\game.cpp">
      <Filter>Source files</Filter>
    </ClCompile>
    <ClCompile Include="..\gtp_lz.cpp">
      <Filter>Source files</Filter>
    </ClCompile>
    <ClCompile Include="..\gtp_lz_stub.cpp">
      <Filter>Source files</Filter>
    </ClCompile>
    <ClCompile Include="..\html.cpp">
      <Filter>Source files</Filter>
    </ClCompile>
    <ClCompile Include="..\illustration.cpp">
      <Filter>Source files</Filter>
    </ClCompile>
    <ClCompile Include="..\job.cpp">
      <Filter>Source files</Filter>
    </ClCompile>
    <ClCompile Include="..\job_list.cpp">
      <Filter>Source files</Filter>
    </ClCompile>
    <ClCompile Include="..\leela_zero.cpp">
      <Filter>Source files</Filter>
    </ClCompile>
    <ClCompile Include="..\log_file.cpp">
      <Filter>Source files</Filter>
    </ClCompile>
    <ClCompile Include="..\move.cpp">
      <Filter>Source files</Filter>
    </ClCompile>
    <ClCompile Include="..\mutex.cpp">
      <Filter>Source files</Filter>
    </ClCompile>
    <ClCompile Include="..\range.cpp">
      <Filter>Source files</Filter>
    </ClCompile>
    <ClCompile Include="..\search_speed.cpp">
      <Filter>Source files</Filter>
    </ClCompile>
    <ClCompile Include="..\setting.cpp">
      <Filter>Source files</Filter>
    </ClCompile>
    <ClCompile Include="..\variation.cpp">
      <Filter>Source files</Filter>
    </ClCompile>
    <ClCompile Include="..\variation_list.cpp">
      <Filter>Source files</Filter>
    </ClCompile>
    <ClCompile Include="..\StringUtil.cpp">
      <Filter>Source files</Filter>
    </ClCompile>
  </ItemGroup>
</Project>